github.com/davecgh/go-spew v1.1.0 h1:ZDRjVQ15GmhC3fiQ8ni8+OwkZQO4DARzQgrnXU1Liz8=
github.com/davecgh/go-spew v1.1.0/go.mod h1:J7Y8YcW2NihsgmVo/mv3lAwl/skON4iLHjSsI+c5H38=
github.com/go-sql-driver/mysql v1.4.0/go.mod h1:zAC/RDZ24gD3HViQzih4MyKcchzm+sOG5ZlKdlhCg5w=
github.com/jmoiron/sqlx v1.2.0 h1:41Ip0zITnmWNR/vHV+S4m+VoUivnWY5E4OJfLZjCJMA=
github.com/jmoiron/sqlx v1.2.0/go.mod h1:1FEQNm3xlJgrMD+FBdI9+xvCksHtbpVBBw5dYhBSsks=
github.com/lib/pq v1.0.0/go.mod h1:5WUZQaWbwv1U+lTReE5YruASi9Al49XbQIvNi/34Woo=
github.com/mattn/go-runewidth v0.0.8 h1:3tS41NlGYSmhhe/8fhGRzc+z3AYCw1Fe1WAyLuujKs0=
github.com/mattn/go-runewidth v0.0.8/go.mod h1:H031xJmbD/WCDINGzjvQ9THkh0rPKHF+m2gUSrubnMI=
github.com/mattn/go-sqlite3 v1.9.0/go.mod h1:FPy6KqzDD04eiIsT53CuJW3U88zkxoIYsOqkbpncsNc=
github.com/mattn/go-sqlite3 v2.0.2+incompatible h1:qzw9c2GNT8UFrgWNDhCTqRqYUSmu/Dav/9Z58LGpk7U=
github.com/mattn/go-sqlite3 v2.0.2+incompatible/go.mod h1:FPy6KqzDD04eiIsT53CuJW3U88zkxoIYsOqkbpncsNc=
github.com/nsf/termbox-go v0.0.0-20191229070316-58d4fcbce2a7 h1:OkWEy7aQeQTbgdrcGi9bifx+Y6bMM7ae7y42hDFaBvA=
github.com/nsf/termbox-go v0.0.0-20191229070316-58d4fcbce2a7/go.mod h1:IuKpRQcYE1Tfu+oAQqaLisqDeXgjyyltCfsaoYN18NQ=
github.com/pmezard/go-difflib v1.0.0 h1:4DBwDE0NGyQoBHbLQYPwSUPoCMWR5BEzIk/f1lZbAQM=
github.com/pmezard/go-difflib v1.0.0/go.mod h1:iKH77koFhYxTK1pcRnkKkqfTogsbg7gZNVY4sRDYZ/4=
github.com/queria/golang-go-xdg v0.0.0-20150923124700-2891bf55123c h1:AWXN/pKviaEHth46JBoqwhEv6m9nvnkyFqd2lZX1trE=
github.com/queria/golang-go-xdg v0.0.0-20150923124700-2891bf55123c/go.mod h1:Y+ztgsETn3jrtsMMgP1+WHyEgnsGs3RN0TdzaSX8Wv8=
github.com/stretchr/objx v0.1.0/go.mod h1:HFkY916IF+rwdDfMAkV7OtwuqBVzrE8GR6GFx+wExME=
github.com/stretchr/testify v1.4.0 h1:2E4SXV/wtOkTonXsotYi4li6zVWxYlZuYNCXe9XRJyk=
github.com/stretchr/testify v1.4.0/go.mod h1:j7eGeouHqKxXV5pUuKE4zz7dFj8WfuZ+81PSLYec5m4=
github.com/tomyl/gocui v0.3.0 h1:tOtU1ic418lUmevKo7kejBCUQGt655CNR2q0facXuZ0=
github.com/tomyl/gocui v0.3.0/go.mod h1:7MokRWsb2xXgPfubniMUa0W97WskAAp1rX9/GGzdTjI=
github.com/tomyl/gocui v0.3.1-0.20190529201612-028ccc25b58f h1:HoU8NVDIOW98gTzkul+frolHsdPrTYpkh6I6qsEwqZg=
github.com/tomyl/gocui v0.3.1-0.20190529201612-028ccc25b58f/go.mod h1:7MokRWsb2xXgPfubniMUa0W97WskAAp1rX9/GGzdTjI=
github.com/tomyl/xl v0.0.0-20200116194157-8f7668f1aa75 h1:58B4k06uZnJw21TN3C5n8b1xXOxYSCvY2xBi0CkqynY=
github.com/tomyl/xl v0.0.0-20200116194157-8f7668f1aa75/go.mod h1:QK50a3Fwolc7EFmlE3C1/Cd2b0mFDpDU+vrEOIuJryE=
github.com/tomyl/xui v0.0.0-20180326153838-9437aec8495b h1:aKB+calGR6iCaVohUfQ5opcRNGZaIwMACtCd9PVV194=
github.com/tomyl/xui v0.0.0-20180326153838-9437aec8495b/go.mod h1:coUzsu80M1OisTg8S6bgX1J4J/1C23kZofP+QXGq4rU=
gopkg.in/check.v1 v0.0.0-20161208181325-20d25e280405/go.mod h1:Co6ibVJAznAaIkqp8huTwlJQCZ016jof/cbN4VW5Yz0=
gopkg.in/yaml.v2 v2.2.2 h1:ZCJp+EgiOT7lHqUV2J862kp8Qj64Jo6az82+3Td9dZw=
gopkg.in/yaml.v2 v2.2.2/go.mod h1:hI93XBmqTisBFMUTm0b8Fm+jr3Dg1NNxqwp+5A1VGuI=
